
Microsoft Visual Studio Solution File, Format Version 12.00
# Visual Studio 15
VisualStudioVersion = 15.0.28010.2048
MinimumVisualStudioVersion = 10.0.40219.1
Project("{FAE04EC0-301F-11D3-BF4B-00C04F79EFBC}") = "client", "client\client.csproj", "{11707395-A4F9-4C85-8395-1FF8479D740E}"
EndProject
Global
	GlobalSection(SolutionConfigurationPlatforms) = preSolution
		Debug|Any CPU = Debug|Any CPU
		Release|Any CPU = Release|Any CPU
	EndGlobalSection
	GlobalSection(ProjectConfigurationPlatforms) = postSolution
		{11707395-A4F9-4C85-8395-1FF8479D740E}.Debug|Any CPU.ActiveCfg = Debug|Any CPU
		{11707395-A4F9-4C85-8395-1FF8479D740E}.Debug|Any CPU.Build.0 = Debug|Any CPU
		{11707395-A4F9-4C85-8395-1FF8479D740E}.Release|Any CPU.ActiveCfg = Release|Any CPU
		{11707395-A4F9-4C85-8395-1FF8479D740E}.Release|Any CPU.Build.0 = Release|Any CPU
	EndGlobalSection
	GlobalSection(SolutionProperties) = preSolution
		HideSolutionNode = FALSE
	EndGlobalSection
	GlobalSection(ExtensibilityGlobals) = postSolution
		SolutionGuid = {E7A62F19-ED0E-4A75-83C1-7B1E69EFEA10}
	EndGlobalSection
EndGlobal
