
Microsoft Visual Studio Solution File, Format Version 12.00
# Visual Studio 15
VisualStudioVersion = 15.0.28010.2048
MinimumVisualStudioVersion = 10.0.40219.1
Project("{FAE04EC0-301F-11D3-BF4B-00C04F79EFBC}") = "server", "server\server.csproj", "{44B56073-F563-48DF-BA70-602C2DAD198E}"
EndProject
Global
	GlobalSection(SolutionConfigurationPlatforms) = preSolution
		Debug|Any CPU = Debug|Any CPU
		Release|Any CPU = Release|Any CPU
	EndGlobalSection
	GlobalSection(ProjectConfigurationPlatforms) = postSolution
		{44B56073-F563-48DF-BA70-602C2DAD198E}.Debug|Any CPU.ActiveCfg = Debug|Any CPU
		{44B56073-F563-48DF-BA70-602C2DAD198E}.Debug|Any CPU.Build.0 = Debug|Any CPU
		{44B56073-F563-48DF-BA70-602C2DAD198E}.Release|Any CPU.ActiveCfg = Release|Any CPU
		{44B56073-F563-48DF-BA70-602C2DAD198E}.Release|Any CPU.Build.0 = Release|Any CPU
	EndGlobalSection
	GlobalSection(SolutionProperties) = preSolution
		HideSolutionNode = FALSE
	EndGlobalSection
	GlobalSection(ExtensibilityGlobals) = postSolution
		SolutionGuid = {621224C9-4E5D-4344-97F5-C5A13FBE6EB9}
	EndGlobalSection
EndGlobal
